
Microsoft Visual Studio Solution File, Format Version 12.00
# Visual Studio Version 16
VisualStudioVersion = 16.0.30128.74
MinimumVisualStudioVersion = 10.0.40219.1
Project("{2150E333-8FDC-42A3-9474-1A3956D46DE8}") = "src", "src", "{02F3FAEA-70FD-4AD6-B22C-D011664D573B}"
EndProject
Project("{FAE04EC0-301F-11D3-BF4B-00C04F79EFBC}") = "ApplicationCore", "src\ApplicationCore\ApplicationCore.csproj", "{053687FC-FE50-4CCE-A2FB-ABEB40BFCD9A}"
EndProject
Project("{FAE04EC0-301F-11D3-BF4B-00C04F79EFBC}") = "Infrastructure", "src\Infrastructure\Infrastructure.csproj", "{82704A1E-2D37-4482-8361-A0B192B5CC23}"
EndProject
Project("{FAE04EC0-301F-11D3-BF4B-00C04F79EFBC}") = "Web", "src\Web\Web.csproj", "{B85403CD-38F3-4945-BDB0-768764C85E3F}"
EndProject
Global
	GlobalSection(SolutionConfigurationPlatforms) = preSolution
		Debug|Any CPU = Debug|Any CPU
		Release|Any CPU = Release|Any CPU
	EndGlobalSection
	GlobalSection(ProjectConfigurationPlatforms) = postSolution
		{053687FC-FE50-4CCE-A2FB-ABEB40BFCD9A}.Debug|Any CPU.ActiveCfg = Debug|Any CPU
		{053687FC-FE50-4CCE-A2FB-ABEB40BFCD9A}.Debug|Any CPU.Build.0 = Debug|Any CPU
		{053687FC-FE50-4CCE-A2FB-ABEB40BFCD9A}.Release|Any CPU.ActiveCfg = Release|Any CPU
		{053687FC-FE50-4CCE-A2FB-ABEB40BFCD9A}.Release|Any CPU.Build.0 = Release|Any CPU
		{82704A1E-2D37-4482-8361-A0B192B5CC23}.Debug|Any CPU.ActiveCfg = Debug|Any CPU
		{82704A1E-2D37-4482-8361-A0B192B5CC23}.Debug|Any CPU.Build.0 = Debug|Any CPU
		{82704A1E-2D37-4482-8361-A0B192B5CC23}.Release|Any CPU.ActiveCfg = Release|Any CPU
		{82704A1E-2D37-4482-8361-A0B192B5CC23}.Release|Any CPU.Build.0 = Release|Any CPU
		{B85403CD-38F3-4945-BDB0-768764C85E3F}.Debug|Any CPU.ActiveCfg = Debug|Any CPU
		{B85403CD-38F3-4945-BDB0-768764C85E3F}.Debug|Any CPU.Build.0 = Debug|Any CPU
		{B85403CD-38F3-4945-BDB0-768764C85E3F}.Release|Any CPU.ActiveCfg = Release|Any CPU
		{B85403CD-38F3-4945-BDB0-768764C85E3F}.Release|Any CPU.Build.0 = Release|Any CPU
	EndGlobalSection
	GlobalSection(SolutionProperties) = preSolution
		HideSolutionNode = FALSE
	EndGlobalSection
	GlobalSection(NestedProjects) = preSolution
		{053687FC-FE50-4CCE-A2FB-ABEB40BFCD9A} = {02F3FAEA-70FD-4AD6-B22C-D011664D573B}
		{82704A1E-2D37-4482-8361-A0B192B5CC23} = {02F3FAEA-70FD-4AD6-B22C-D011664D573B}
		{B85403CD-38F3-4945-BDB0-768764C85E3F} = {02F3FAEA-70FD-4AD6-B22C-D011664D573B}
	EndGlobalSection
	GlobalSection(ExtensibilityGlobals) = postSolution
		SolutionGuid = {01387717-A61D-4172-8697-1A68179D506D}
	EndGlobalSection
EndGlobal
